lockfileVersion: '9.0'

settings:
  autoInstallPeers: true
  excludeLinksFromLockfile: false

overrides:
  '@babel/runtime': 7.29.7

importers:

  .:
    dependencies:
      '@hookform/resolvers':
        specifier: ^4.1.2
        version: 4.1.2(react-hook-form@7.54.2(react@19.2.8))
      '@kayron013/lexorank':
        specifier: ^2.0.0
        version: 2.0.0
      '@radix-ui/react-alert-dialog':
        specifier: ^1.1.6
        version: 1.1.6(@types/react-dom@19.0.4(@types/react@19.0.10))(@types/react@19.0.10)(react-dom@19.2.8(react@19.2.8))(react@19.2.8)
      '@radix-ui/react-avatar':
        specifier: ^1.1.3
        version: 1.1.3(@types/react-dom@19.0.4(@types/react@19.0.10))(@types/react@19.0.10)(react-dom@19.2.8(react@19.2.8))(react@19.2.8)
      '@radix-ui/react-checkbox':
        specifier: ^1.1.4
        version: 1.1.4(@types/react-dom@19.0.4(@types/react@19.0.10))(@types/react@19.0.10)(react-dom@19.2.8(react@19.2.8))(react@19.2.8)
      '@radix-ui/react-collapsible':
        specifier: ^1.1.3
        version: 1.1.3(@types/react-dom@19.0.4(@types/react@19.0.10))(@types/react@19.0.10)(react-dom@19.2.8(react@19.2.8))(react@19.2.8)
      '@radix-ui/react-context-menu':
        specifier: ^2.2.10
        version: 2.2.10(@types/react-dom@19.0.4(@types/react@19.0.10))(@types/react@19.0.10)(react-dom@19.2.8(react@19.2.8))(react@19.2.8)
      '@radix-ui/react-dialog':
        specifier: ^1.1.6
        version: 1.1.6(@types/react-dom@19.0.4(@types/react@19.0.10))(@types/react@19.0.10)(react-dom@19.2.8(react@19.2.8))(react@19.2.8)
      '@radix-ui/react-dropdown-menu':
        specifier: ^2.1.6
        version: 2.1.6(@types/react-dom@19.0.4(@types/react@19.0.10))(@types/react@19.0.10)(react-dom@19.2.8(react@19.2.8))(react@19.2.8)
      '@radix-ui/react-label':
        specifier: ^2.1.2
        version: 2.1.2(@types/react-dom@19.0.4(@types/react@19.0.10))(@types/react@19.0.10)(react-dom@19.2.8(react@19.2.8))(react@19.2.8)
      '@radix-ui/react-popover':
        specifier: ^1.1.6
        version: 1.1.6(@types/react-dom@19.0.4(@types/react@19.0.10))(@types/react@19.0.10)(react-dom@19.2.8(react@19.2.8))(react@19.2.8)
      '@radix-ui/react-progress':
        specifier: ^1.1.2
        version: 1.1.2(@types/react-dom@19.0.4(@types/react@19.0.10))(@types/react@19.0.10)(react-dom@19.2.8(react@19.2.8))(react@19.2.8)
      '@radix-ui/react-select':
        specifier: ^2.1.6
        version: 2.1.6(@types/react-dom@19.0.4(@types/react@19.0.10))(@types/react@19.0.10)(react-dom@19.2.8(react@19.2.8))(react@19.2.8)
      '@radix-ui/react-separator':
        specifier: ^1.1.2
        version: 1.1.2(@types/react-dom@19.0.4(@types/react@19.0.10))(@types/react@19.0.10)(react-dom@19.2.8(react@19.2.8))(react@19.2.8)
      '@radix-ui/react-slider':
        specifier: ^1.4.7
        version: 1.4.7(@types/react-dom@19.0.4(@types/react@19.0.10))(@types/react@19.0.10)(react-dom@19.2.8(react@19.2.8))(react@19.2.8)
      '@radix-ui/react-slot':
        specifier: ^1.1.2
        version: 1.1.2(@types/react@19.0.10)(react@19.2.8)
      '@radix-ui/react-switch':
        specifier: ^1.1.3
        version: 1.1.3(@types/react-dom@19.0.4(@types/react@19.0.10))(@types/react@19.0.10)(react-dom@19.2.8(react@19.2.8))(react@19.2.8)
      '@radix-ui/react-tabs':
        specifier: ^1.1.3
        version: 1.1.3(@types/react-dom@19.0.4(@types/react@19.0.10))(@types/react@19.0.10)(react-dom@19.2.8(react@19.2.8))(react@19.2.8)
      '@radix-ui/react-toggle':
        specifier: ^1.1.2
        version: 1.1.2(@types/react-dom@19.0.4(@types/react@19.0.10))(@types/react@19.0.10)(react-dom@19.2.8(react@19.2.8))(react@19.2.8)
      '@radix-ui/react-tooltip':
        specifier: ^1.1.8
        version: 1.1.8(@types/react-dom@19.0.4(@types/react@19.0.10))(@types/react@19.0.10)(react-dom@19.2.8(react@19.2.8))(react@19.2.8)
      '@remixicon/react':
        specifier: ^4.6.0
        version: 4.6.0(react@19.2.8)
      '@supabase/ssr':
        specifier: 0.12.5
        version: 0.12.5(@supabase/supabase-js@2.112.4)
      '@supabase/supabase-js':
        specifier: 2.112.4
        version: 2.112.4
      class-variance-authority:
        specifier: ^0.7.1
        version: 0.7.1
      clsx:
        specifier: ^2.1.1
        version: 2.1.1
      cmdk:
        specifier: 1.1.1
        version: 1.1.1(@types/react-dom@19.0.4(@types/react@19.0.10))(@types/react@19.0.10)(react-dom@19.2.8(react@19.2.8))(react@19.2.8)
      date-fns:
        specifier: ^4.1.0
        version: 4.1.0
      lucide-react:
        specifier: ^0.476.0
        version: 0.476.0(react@19.2.8)
      motion:
        specifier: ^12.4.10
        version: 12.4.10(react-dom@19.2.8(react@19.2.8))(react@19.2.8)
      next:
        specifier: 16.3.2
        version: 16.3.2(@babel/core@7.29.7(supports-color@7.2.0))(@types/node@20.17.19)(react-dom@19.2.8(react@19.2.8))(react@19.2.8)
      next-themes:
        specifier: ^0.4.4
        version: 0.4.4(react-dom@19.2.8(react@19.2.8))(react@19.2.8)
      nuqs:
        specifier: ^2.9.4
        version: 2.9.4(next@16.3.2(@babel/core@7.29.7(supports-color@7.2.0))(@types/node@20.17.19)(react-dom@19.2.8(react@19.2.8))(react@19.2.8))(react@19.2.8)
      react:
        specifier: 19.2.8
        version: 19.2.8
      react-day-picker:
        specifier: 8.10.1
        version: 8.10.1(date-fns@4.1.0)(react@19.2.8)
      react-dnd:
        specifier: ^16.0.1
        version: 16.0.1(@types/node@20.17.19)(@types/react@19.0.10)(react@19.2.8)
      react-dnd-html5-backend:
        specifier: ^16.0.1
        version: 16.0.1
      react-dom:
        specifier: 19.2.8
        version: 19.2.8(react@19.2.8)
      react-hook-form:
        specifier: ^7.54.2
        version: 7.54.2(react@19.2.8)
      react-icons:
        specifier: ^5.5.0
        version: 5.5.0(react@19.2.8)
      react-resizable-panels:
        specifier: ^3.0.3
        version: 3.0.3(react-dom@19.2.8(react@19.2.8))(react@19.2.8)
      recharts:
        specifier: 3.10.1
        version: 3.10.1(@types/react@19.0.10)(react-dom@19.2.8(react@19.2.8))(react-is@18.3.1)(react@19.2.8)(redux@5.0.1)
      sonner:
        specifier: ^2.0.1
        version: 2.0.1(react-dom@19.2.8(react@19.2.8))(react@19.2.8)
      tailwind-merge:
        specifier: ^3.0.2
        version: 3.0.2
      tailwindcss-animate:
        specifier: ^1.0.7
        version: 1.0.7(tailwindcss@4.0.8)
      usehooks-ts:
        specifier: ^3.1.1
        version: 3.1.1(react@19.2.8)
      uuid:
        specifier: 11.1.1
        version: 11.1.1
      zod:
        specifier: ^3.24.2
        version: 3.24.2
      zustand:
        specifier: ^5.0.3
        version: 5.0.3(@types/react@19.0.10)(immer@11.1.18)(react@19.2.8)(use-sync-external-store@1.6.0(react@19.2.8))
    devDependencies:
      '@tailwindcss/postcss':
        specifier: ^4
        version: 4.0.8
      '@types/node':
        specifier: ^20
        version: 20.17.19
      '@types/react':
        specifier: ^19
        version: 19.0.10
      '@types/react-dom':
        specifier: ^19
        version: 19.0.4(@types/react@19.0.10)
      eslint:
        specifier: 9.39.5
        version: 9.39.5(jiti@2.4.2)(supports-color@7.2.0)
      eslint-config-next:
        specifier: 16.3.2
        version: 16.3.2(@typescript-eslint/parser@8.67.0(eslint@9.39.5(jiti@2.4.2)(supports-color@7.2.0))(supports-color@7.2.0)(typescript@5.7.3))(eslint@9.39.5(jiti@2.4.2)(supports-color@7.2.0))(supports-color@7.2.0)(typescript@5.7.3)
      eslint-config-prettier:
        specifier: ^10.0.2
        version: 10.0.2(eslint@9.39.5(jiti@2.4.2)(supports-color@7.2.0))
      eslint-plugin-prettier:
        specifier: ^5.2.3
        version: 5.2.3(eslint-config-prettier@10.0.2(eslint@9.39.5(jiti@2.4.2)(supports-color@7.2.0)))(eslint@9.39.5(jiti@2.4.2)(supports-color@7.2.0))(prettier@3.5.2)
      husky:
        specifier: ^9.1.7
        version: 9.1.7
      lint-staged:
        specifier: ^15.4.3
        version: 15.4.3(supports-color@7.2.0)
      prettier:
        specifier: ^3.5.2
        version: 3.5.2
      tailwindcss:
        specifier: ^4
        version: 4.0.8
      typescript:
        specifier: ^5
        version: 5.7.3

packages:

  '@alloc/quick-lru@5.2.0':
    resolution: {integrity: sha512-UrcABB+4bUrFABwbluTIBErXwvbsU/V7TZWfmbgJfbkwiBuziS9gxdODUyuiecfdGQ85jglMW6juS3+z5TsKLw==}
    engines: {node: '>=10'}

  '@babel/code-frame@7.29.7':
    resolution: {integrity: sha512-Aup7aUOfpbAUg2ROOJN6Iw5f9DMBlzu0mIkm/malLQFN/YQgO48wCj0Kxa3sEHJvPVFg7siR+qRInwXd2qhQKw==}
    engines: {node: '>=6.9.0'}

  '@babel/compat-data@7.29.7':
    resolution: {integrity: sha512-locTkQyKvwIEgBzVrn8693ebc97F2U8ZHjbXwDXJ5Fn2TCpNwTlKcaKLkdHop5c/icOFE7qt7Q9JC5hnKNa6Gg==}
    engines: {node: '>=6.9.0'}

  '@babel/core@7.29.7':
    resolution: {integrity: sha512-RgHBCvtjbOK2gXSNBNIkNoEc9qoVEtau3hj8gEqKQuL3HZAibKarWFEI3Lfm6EYKkLalOh8eSrj9b+ch9H/VBA==}
    engines: {node: '>=6.9.0'}

  '@babel/generator@7.29.8':
    resolution: {integrity: sha512-gZbepsdh3WDtgZKWL+vTPh71LSBrm/Y4/QDZBVCcYfmeTEEuoOYwlSy+G1StfJg+/Zy550u/3TATbm7qDbbMtg==}
    engines: {node: '>=6.9.0'}

  '@babel/helper-compilation-targets@7.29.7':
    resolution: {integrity: sha512-wem6WaBj4NaVYVdNhLPPVacES6ZJ+KBBfSkTMD3YZxbP3rm3Di85tJU5ljaUNhaOynt+Aj0xruhYuzQBt8n71g==}
    engines: {node: '>=6.9.0'}

  '@babel/helper-globals@7.29.7':
    resolution: {integrity: sha512-3nQVUAtvkKH9zahfWgw96Jc/uFOmjACE1kQz82E2lqWmHBgjzbNlsC22nuQTfahmWeQtTq5nQ/4Nnd2A1wj4zA==}
    engines: {node: '>=6.9.0'}

  '@babel/helper-module-imports@7.29.7':
    resolution: {integrity: sha512-ejHwrQQYcm9xnTivShn2IDOlIzInN34AXskvq9QicvCtEzq1Vzclu/tKF8Jq1Cg8JG2GL6/EmjgsCT7lXepE3g==}
    engines: {node: '>=6.9.0'}

  '@babel/helper-module-transforms@7.29.7':
    resolution: {integrity: sha512-UPUVSyXbOh627KiCIGQSgwWzGeBKLkaJ9PJEdrngIwMSzxLR4jS4+f1f1jb7VzBbg8nFLaYotvVPFCTqdrmTAg==}
    engines: {node: '>=6.9.0'}
    peerDependencies:
      '@babel/core': ^7.0.0

  '@babel/helper-string-parser@7.29.7':
    resolution: {integrity: sha512-Pb5ijPrZ89GDH8223L4UP8i6QApWxs04RbPQJTeWDV0/keR2E36MeKnyr6LYmUUvqRRI+Iv87SuF1W6ErINzYw==}
    engines: {node: '>=6.9.0'}

  '@babel/helper-validator-identifier@7.29.7':
    resolution: {integrity: sha512-qehxGkRj55h/ff8EMaJ+cYhyaKlHIxqYDn682wQD7RNp9UujOQsHog2uS0r2vzr4pW+sXf90NeeayjcNaX3fFg==}
    engines: {node: '>=6.9.0'}

  '@babel/helper-validator-option@7.29.7':
    resolution: {integrity: sha512-N9ZErrD+yW5geCDtBqnOoxmR8+tNKiGuxKlDpuJxfsqpa2dFcexaziGAE/qoHLiDDreVNMupxGmSoNlyvsA3gw==}
    engines: {node: '>=6.9.0'}

  '@babel/helpers@7.29.7':
    resolution: {integrity: sha512-1k2lAGRMfHTcwuNYcCNUmaUffmQv8KWMfh2iJUUeRlwlwH4FdNG7mfPI10NPfLHJFThE4Tyr4mv7kTNZOiPuBg==}
    engines: {node: '>=6.9.0'}

  '@babel/parser@7.29.8':
    resolution: {integrity: sha512-E8lTAYNB1KW+FH+VGJuZM1ioAx2E6oVlvQFRrf5P8ZZmsiJXYAD9vTFV7yyEURNzgh1dFqMZuO6tUwcARbqFCA==}
    engines: {node: '>=6.0.0'}
    hasBin: true

  '@babel/runtime@7.29.7':
    resolution: {integrity: sha512-Nq8OhGWiZIZGV6hLHoyAKLLcJihP/xFeBMGJoUrxTX2psI8dCifzLhZISFb+VWS3wFMRDmCGw5R+dOySCqPLhw==}
    engines: {node: '>=6.9.0'}

  '@babel/template@7.29.7':
    resolution: {integrity: sha512-puq+Gf35oI24FeN11LkoUQFqv9uwNeWpxXZi/Ji3rRIoKAzKnxRaZ+Gkj0vKS9ZCiTESfng1N9LyOyXvo+m+Gg==}
    engines: {node: '>=6.9.0'}

  '@babel/traverse@7.29.8':
    resolution: {integrity: sha512-I5z7H3bf/41ktsNVLtpN0wAa336HkqIHQ5BuPLEhTkt1jVSyZpeNKIzTgEWmlxjdg81R0IgUCcaE+Ok3NvrfZg==}
    engines: {node: '>=6.9.0'}

  '@babel/types@7.29.8':
    resolution: {integrity: sha512-Vj1jF3cPfxg7OAfoI7QnVKLoILlm2JF9pnVHrX8qx7AHMiYWT+NDAA7jChlNgRS4WTLc/fD1lXLmPixluj+3Gg==}
    engines: {node: '>=6.9.0'}

  '@emnapi/runtime@1.11.3':
    resolution: {integrity: sha512-Xz4Tpyki7XyrpbUK1jR1AhdAdaXyhhY4lZ3neLodmhpuWfy2PAQN5B46sAiU4liOXGLkHypn/qU+jvfWSCYYLA==}

  '@eslint-community/eslint-utils@4.10.1':
    resolution: {integrity: sha512-cuadcxVFE8sDK6iWJbs8Sn0av2Nrh2QSGQhVlBW9AaAHqHwjWsZHT8LJ4hFGPh7ASBV2deFdM7H/DPjulmh8rg==}
    engines: {node: ^12.22.0 || ^14.17.0 || >=16.0.0}
    peerDependencies:
      eslint: ^6.0.0 || ^7.0.0 || >=8.0.0

  '@eslint-community/eslint-utils@4.9.1':
    resolution: {integrity: sha512-phrYmNiYppR7znFEdqgfWHXR6NCkZEK7hwWDHZUjit/2/U0r6XvkDl0SYnoM51Hq7FhCGdLDT6zxCCOY1hexsQ==}
    engines: {node: ^12.22.0 || ^14.17.0 || >=16.0.0}
    peerDependencies:
      eslint: ^6.0.0 || ^7.0.0 || >=8.0.0

  '@eslint-community/regexpp@4.12.2':
    resolution: {integrity: sha512-EriSTlt5OC9/7SXkRSCAhfSxxoSUgBm33OH+IkwbdpgoqsSsUg7y3uh+IICI/Qg4BBWr3U2i39RpmycbxMq4ew==}
    engines: {node: ^12.0.0 || ^14.0.0 || >=16.0.0}

  '@eslint/config-array@0.21.2':
    resolution: {integrity: sha512-nJl2KGTlrf9GjLimgIru+V/mzgSK0ABCDQRvxw5BjURL7WfH5uoWmizbH7QB6MmnMBd8cIC9uceWnezL1VZWWw==}
    engines: {node: ^18.18.0 || ^20.9.0 || >=21.1.0}

  '@eslint/config-helpers@0.4.2':
    resolution: {integrity: sha512-gBrxN88gOIf3R7ja5K9slwNayVcZgK6SOUORm2uBzTeIEfeVaIhOpCtTox3P6R7o2jLFwLFTLnC7kU/RGcYEgw==}
    engines: {node: ^18.18.0 || ^20.9.0 || >=21.1.0}

  '@eslint/core@0.17.0':
    resolution: {integrity: sha512-yL/sLrpmtDaFEiUj1osRP4TI2MDz1AddJL+jZ7KSqvBuliN4xqYY54IfdN8qD8Toa6g1iloph1fxQNkjOxrrpQ==}
    engines: {node: ^18.18.0 || ^20.9.0 || >=21.1.0}

  '@eslint/eslintrc@3.3.6':
    resolution: {integrity: sha512-l2Ul9PrHsPCKcEY/ac7VgFj9D80C7S68sOKc618SyHDPK36s1XcFebXY0iTzUVn4Yq+YbwvSnDmCz9yxjX+QrA==}
    engines: {node: ^18.18.0 || ^20.9.0 || >=21.1.0}

  '@eslint/js@9.39.5':
    resolution: {integrity: sha512-QywQuszQh77pIXCsq998c8hbhSTI/azTty1Z6N53dmAudKHhy573j3yvRLsX2BSp8YpLtoCEG8E9DJe+8zUh4A==}
    engines: {node: ^18.18.0 || ^20.9.0 || >=21.1.0}

  '@eslint/object-schema@2.1.7':
    resolution: {integrity: sha512-VtAOaymWVfZcmZbp6E2mympDIHvyjXs/12LqWYjVw6qjrfF+VK+fyG33kChz3nnK+SU5/NeHOqrTEHS8sXO3OA==}
    engines: {node: ^18.18.0 || ^20.9.0 || >=21.1.0}

  '@eslint/plugin-kit@0.4.1':
    resolution: {integrity: sha512-43/qtrDUokr7LJqoF2c3+RInu/t4zfrpYdoSDfYyhg52rwLV6TnOvdG4fXm7IkSB3wErkcmJS9iEhjVtOSEjjA==}
    engines: {node: ^18.18.0 || ^20.9.0 || >=21.1.0}

  '@floating-ui/core@1.6.9':
    resolution: {integrity: sha512-uMXCuQ3BItDUbAMhIXw7UPXRfAlOAvZzdK9BWpE60MCn+Svt3aLn9jsPTi/WNGlRUu2uI0v5S7JiIUsbsvh3fw==}

  '@floating-ui/dom@1.6.13':
    resolution: {integrity: sha512-umqzocjDgNRGTuO7Q8CU32dkHkECqI8ZdMZ5Swb6QAM0t5rnlrN3lGo1hdpscRd3WS8T6DKYK4ephgIH9iRh3w==}

  '@floating-ui/react-dom@2.1.2':
    resolution: {integrity: sha512-06okr5cgPzMNBy+Ycse2A6udMi4bqwW/zgBF/rwjcNqWkyr82Mcg8b0vjX8OJpZFy/FKjJmw6wV7t44kK6kW7A==}
    peerDependencies:
      react: '>=16.8.0'
      react-dom: '>=16.8.0'

  '@floating-ui/utils@0.2.9':
    resolution: {integrity: sha512-MDWhGtE+eHw5JW7lq4qhc5yRLS11ERl1c7Z6Xd0a58DozHES6EnNNwUWbMiG4J9Cgj053Bhk8zvlhFYKVhULwg==}

  '@hookform/resolvers@4.1.2':
    resolution: {integrity: sha512-wl6H9c9wLOZMJAqGLEVKzbCkxJuV+BYuLFZFCQtCwMe0b3qQk4kUBd/ZAj13SwcSqcx86rCgSCyngQfmA6DOWg==}
    peerDependencies:
      react-hook-form: ^7.0.0

  '@humanfs/core@0.19.1':
    resolution: {integrity: sha512-5DyQ4+1JEUzejeK1JGICcideyfUbGixgS9jNgex5nqkW+cY7WZhxBigmieN5Qnw9ZosSNVC9KQKyb+GUaGyKUA==}
    engines: {node: '>=18.18.0'}

  '@humanfs/node@0.16.6':
    resolution: {integrity: sha512-YuI2ZHQL78Q5HbhDiBA1X4LmYdXCKCMQIfw0pw7piHJwyREFebJUvrQN4cMssyES6x+vfUbx1CIpaQUKYdQZOw==}
    engines: {node: '>=18.18.0'}

  '@humanwhocodes/module-importer@1.0.1':
    resolution: {integrity: sha512-bxveV4V8v5Yb4ncFTT3rPSgZBOpCkjfK0y4oVVVJwIuDVBRMDXrPyXRL988i5ap9m9bnyEEjWfm5WkBmtffLfA==}
    engines: {node: '>=12.22'}

  '@humanwhocodes/retry@0.3.1':
    resolution: {integrity: sha512-JBxkERygn7Bv/GbN5Rv8Ul6LVknS+5Bp6RgDC/O8gEBU/yeH5Ui5C/OlWrTb6qct7LjjfT6Re2NxB0ln0yYybA==}
    engines: {node: '>=18.18'}

  '@humanwhocodes/retry@0.4.2':
    resolution: {integrity: sha512-xeO57FpIu4p1Ri3Jq/EXq4ClRm86dVF2z/+kvFnyqVYRavTZmaFaUBbWCOuuTh0o/g7DSsk6kc2vrS4Vl5oPOQ==}
    engines: {node: '>=18.18'}

  '@img/colour@1.1.0':
    resolution: {integrity: sha512-Td76q7j57o/tLVdgS746cYARfSyxk8iEfRxewL9h4OMzYhbW4TAcppl0mT4eyqXddh6L/jwoM75mo7ixa/pCeQ==}
    engines: {node: '>=18'}

  '@img/sharp-darwin-arm64@0.35.3':
    resolution: {integrity: sha512-RMnFX7YQsMoh7lWfcM4NEHHymBX/rLuKNPVM84XE9ONPcaSCDgE7CHIHpSgPcO2xcRthgBy1HfNO319mwhIAkg==}
    engines: {node: '>=20.9.0'}
    cpu: [arm64]
    os: [darwin]

  '@img/sharp-darwin-x64@0.35.3':
    resolution: {integrity: sha